
Microsoft Visual Studio Solution File, Format Version 12.00
# Visual Studio Version 16
VisualStudioVersion = 16.0.29911.84
MinimumVisualStudioVersion = 10.0.40219.1
Project("{FAE04EC0-301F-11D3-BF4B-00C04F79EFBC}") = "TranzactApp", "TranzactApp.csproj", "{3CDBF45F-A3FB-4E48-9E1A-421610892770}"
EndProject
Global
	GlobalSection(SolutionConfigurationPlatforms) = preSolution
		Debug|Any CPU = Debug|Any CPU
		Release|Any CPU = Release|Any CPU
	EndGlobalSection
	GlobalSection(ProjectConfigurationPlatforms) = postSolution
		{3CDBF45F-A3FB-4E48-9E1A-421610892770}.Debug|Any CPU.ActiveCfg = Debug|Any CPU
		{3CDBF45F-A3FB-4E48-9E1A-421610892770}.Debug|Any CPU.Build.0 = Debug|Any CPU
		{3CDBF45F-A3FB-4E48-9E1A-421610892770}.Release|Any CPU.ActiveCfg = Release|Any CPU
		{3CDBF45F-A3FB-4E48-9E1A-421610892770}.Release|Any CPU.Build.0 = Release|Any CPU
	EndGlobalSection
	GlobalSection(SolutionProperties) = preSolution
		HideSolutionNode = FALSE
	EndGlobalSection
	GlobalSection(ExtensibilityGlobals) = postSolution
		SolutionGuid = {D95A2A0B-77D5-400F-AC1C-704895A8BAD5}
	EndGlobalSection
EndGlobal
